<?xml version="1.0" encoding="utf-8"?>
<Project ToolsVersion="4.0" xmlns="http://schemas.microsoft.com/developer/msbuild/2003">
  <ItemGroup>
    <Filter Include="Source Files">
      <UniqueIdentifier>{4FC737F1-C7A5-4376-A066-2A32D752A2FF}</UniqueIdentifier>
      <Extensions>cpp;c;cc;cxx;def;odl;idl;hpj;bat;asm;asmx</Extensions>
    </Filter>
    <Filter Include="Header Files">
      <UniqueIdentifier>{93995380-89BD-4b04-88EB-625FBE52EBFB}</UniqueIdentifier>
      <Extensions>h;hh;hpp;hxx;hm;inl;inc;ipp;xsd</Extensions>
    </Filter>
    <Filter Include="Resource Files">
      <UniqueIdentifier>{67DA6AB6-F800-4c08-8B7A-83BB121AAD01}</UniqueIdentifier>
      <Extensions>rc;ico;cur;bmp;dlg;rc2;rct;bin;rgs;gif;jpg;jpeg;jpe;resx;tiff;tif;png;wav;mfcribbon-ms</Extensions>
    </Filter>
    <Filter Include="school">
      <UniqueIdentifier>{dbb75c9e-d6b7-48a2-af8f-4bd6ab12c3e9}</UniqueIdentifier>
    </Filter>
    <Filter Include="include">
      <UniqueIdentifier>{6c34f6a0-088d-4527-b6e8-ce34bc8fa171}</UniqueIdentifier>
    </Filter>
    <Filter Include="data">
      <UniqueIdentifier>{d299dae9-bbb0-4855-8ef7-911a39d15023}</UniqueIdentifier>
    </Filter>
    <Filter Include="config">
      <UniqueIdentifier>{0ba53f7f-361d-4035-97e2-c4b551d9e30c}</UniqueIdentifier>
    </Filter>
    <Filter Include="generate">
      <UniqueIdentifier>{41e9c4c0-4cae-4c5c-b0d0-7f050fad7731}</UniqueIdentifier>
    </Filter>
  </ItemGroup>
  <ItemGroup>
    <ClInclude Include="framework.h">
      <Filter>Header Files</Filter>
    </ClInclude>
    <ClInclude Include="include\School.h">
      <Filter>include</Filter>
    </ClInclude>
    <ClInclude Include="include\Student.h">
      <Filter>include</Filter>
    </ClInclude>
    <ClInclude Include="school\StudentImplement.h">
      <Filter>school</Filter>
    </ClInclude>
    <ClInclude Include="pch.h">
      <Filter>Header Files</Filter>
    </ClInclude>
    <ClInclude Include="include\Configuration.h">
      <Filter>include</Filter>
    </ClInclude>
    <ClInclude Include="data\FileSource.h">
      <Filter>data</Filter>
    </ClInclude>
    <ClInclude Include="include\DataSource.h">
      <Filter>include</Filter>
    </ClInclude>
    <ClInclude Include="include\GenerateScore.h">
      <Filter>include</Filter>
    </ClInclude>
    <ClInclude Include="generate\STLGenerateScore.h">
      <Filter>generate</Filter>
    </ClInclude>
    <ClInclude Include="include\GenerateNum.h">
      <Filter>include</Filter>
    </ClInclude>
    <ClInclude Include="generate\OrdinaryGenerateNum.h">
      <Filter>generate</Filter>
    </ClInclude>
  </ItemGroup>
  <ItemGroup>
    <ClCompile Include="dllmain.cpp">
      <Filter>Source Files</Filter>
    </ClCompile>
    <ClCompile Include="school\School.cpp">
      <Filter>school</Filter>
    </ClCompile>
    <ClCompile Include="school\Student.cpp">
      <Filter>school</Filter>
    </ClCompile>
    <ClCompile Include="school\StudentImplement.cpp">
      <Filter>school</Filter>
    </ClCompile>
    <ClCompile Include="pch.cpp">
      <Filter>Source Files</Filter>
    </ClCompile>
    <ClCompile Include="config\Configuration.cpp">
      <Filter>config</Filter>
    </ClCompile>
    <ClCompile Include="data\FileSource.cpp">
      <Filter>data</Filter>
    </ClCompile>
    <ClCompile Include="data\DataSource.cpp">
      <Filter>data</Filter>
    </ClCompile>
    <ClCompile Include="generate\GenerateScore.cpp">
      <Filter>generate</Filter>
    </ClCompile>
    <ClCompile Include="generate\STLGenerateScore.cpp">
      <Filter>generate</Filter>
    </ClCompile>
    <ClCompile Include="generate\GenerateNum.cpp">
      <Filter>generate</Filter>
    </ClCompile>
    <ClCompile Include="generate\OrdinaryGenerateNum.cpp">
      <Filter>generate</Filter>
    </ClCompile>
  </ItemGroup>
  <ItemGroup>
    <None Include="Source.def">
      <Filter>Source Files</Filter>
    </None>
  </ItemGroup>
</Project>